
Microsoft Visual Studio Solution File, Format Version 12.00
# Visual Studio Version 16
VisualStudioVersion = 16.0.30011.22
MinimumVisualStudioVersion = 10.0.40219.1
Project("{9A19103F-16F7-4668-BE54-9A1E7A4F7556}") = "Dmc.Siemens", "Dmc.Siemens\Dmc.Siemens.csproj", "{FB996B45-2D54-4469-B4DE-35C8C93D9CA1}"
EndProject
Project("{2150E333-8FDC-42A3-9474-1A3956D46DE8}") = "Solution Items", "Solution Items", "{4559C10A-255C-43C3-88B9-2A788E52D03E}"
	ProjectSection(SolutionItems) = preProject
		.editorconfig = .editorconfig
	EndProjectSection
EndProject
Global
	GlobalSection(SolutionConfigurationPlatforms) = preSolution
		Debug|Any CPU = Debug|Any CPU
		Release|Any CPU = Release|Any CPU
	EndGlobalSection
	GlobalSection(ProjectConfigurationPlatforms) = postSolution
		{FB996B45-2D54-4469-B4DE-35C8C93D9CA1}.Debug|Any CPU.ActiveCfg = Debug|Any CPU
		{FB996B45-2D54-4469-B4DE-35C8C93D9CA1}.Debug|Any CPU.Build.0 = Debug|Any CPU
		{FB996B45-2D54-4469-B4DE-35C8C93D9CA1}.Release|Any CPU.ActiveCfg = Release|Any CPU
		{FB996B45-2D54-4469-B4DE-35C8C93D9CA1}.Release|Any CPU.Build.0 = Release|Any CPU
	EndGlobalSection
	GlobalSection(SolutionProperties) = preSolution
		HideSolutionNode = FALSE
	EndGlobalSection
	GlobalSection(ExtensibilityGlobals) = postSolution
		SolutionGuid = {D1BA83F4-33BA-41CB-A5CA-21AE3B7FA0EA}
	EndGlobalSection
EndGlobal
